
Microsoft Visual Studio Solution File, Format Version 12.00
# Visual Studio Version 17
VisualStudioVersion = 17.0.31903.59
MinimumVisualStudioVersion = 10.0.40219.1
Project("{FAE04EC0-301F-11D3-BF4B-00C04F79EFBC}") = "OrderProcessingApp.Tests", "OrderProcessingApp.Tests\OrderProcessingApp.Tests.csproj", "{BA45493B-902A-4DD6-9357-168F456B80BA}"
EndProject
Project("{FAE04EC0-301F-11D3-BF4B-00C04F79EFBC}") = "OrderProcessingApp", "OrderProcessingApp\OrderProcessingApp.csproj", "{CA45671A-7622-44A7-9B52-48041406F8D6}"
EndProject
Global
	GlobalSection(SolutionConfigurationPlatforms) = preSolution
		Debug|Any CPU = Debug|Any CPU
		Release|Any CPU = Release|Any CPU
	EndGlobalSection
	GlobalSection(SolutionProperties) = preSolution
		HideSolutionNode = FALSE
	EndGlobalSection
	GlobalSection(ProjectConfigurationPlatforms) = postSolution
		{BA45493B-902A-4DD6-9357-168F456B80BA}.Debug|Any CPU.ActiveCfg = Debug|Any CPU
		{BA45493B-902A-4DD6-9357-168F456B80BA}.Debug|Any CPU.Build.0 = Debug|Any CPU
		{BA45493B-902A-4DD6-9357-168F456B80BA}.Release|Any CPU.ActiveCfg = Release|Any CPU
		{BA45493B-902A-4DD6-9357-168F456B80BA}.Release|Any CPU.Build.0 = Release|Any CPU
		{CA45671A-7622-44A7-9B52-48041406F8D6}.Debug|Any CPU.ActiveCfg = Debug|Any CPU
		{CA45671A-7622-44A7-9B52-48041406F8D6}.Debug|Any CPU.Build.0 = Debug|Any CPU
		{CA45671A-7622-44A7-9B52-48041406F8D6}.Release|Any CPU.ActiveCfg = Release|Any CPU
		{CA45671A-7622-44A7-9B52-48041406F8D6}.Release|Any CPU.Build.0 = Release|Any CPU
	EndGlobalSection
EndGlobal
